# THIS IS AN AUTOGENERATED FILE. DO NOT EDIT THIS FILE DIRECTLY.
# yarn lockfile v1


"@babel/runtime@^7.12.0":
  version "7.17.2"
  resolved "https://registry.yarnpkg.com/@babel/runtime/-/runtime-7.17.2.tgz#66f68591605e59da47523c631416b18508779941"
  integrity sha512-hzeyJyMA1YGdJTuWU0e/j4wKXrU4OMFvY2MSlaI9B7VQb0r5cxTE3EAIS2Q7Tn2RIcDkRvTA/v2JsAEhxe99uw==
  dependencies:
    regenerator-runtime "^0.13.4"

"@discordjs/builders@^0.11.0":
  version "0.11.0"
  resolved "https://registry.yarnpkg.com/@discordjs/builders/-/builders-0.11.0.tgz#4102abe3e0cd093501f3f71931df43eb92f5b0cc"
  integrity sha512-ZTB8yJdJKrKlq44dpWkNUrAtEJEq0gqpb7ASdv4vmq6/mZal5kOv312hQ56I/vxwMre+VIkoHquNUAfnTbiYtg==
  dependencies:
    "@sindresorhus/is" "^4.2.0"
    discord-api-types "^0.26.0"
    ts-mixer "^6.0.0"
    tslib "^2.3.1"
    zod "^3.11.6"

"@discordjs/builders@^0.12.0":
  version "0.12.0"
  resolved "https://registry.yarnpkg.com/@discordjs/builders/-/builders-0.12.0.tgz#5f6d95d1b231fa975a7e28ca3f8098e517676887"
  integrity sha512-Vx2MjUZd6QVo1uS2uWt708Fd6cHWGFblAvbpL5EBO+kLl0BADmPwwvts+YJ/VfSywed6Vsk6K2cEooR/Ytjhjw==
  dependencies:
    "@sindresorhus/is" "^4.3.0"
    discord-api-types "^0.26.1"
    ts-mixer "^6.0.0"
    tslib "^2.3.1"
    zod "^3.11.6"

"@discordjs/collection@^0.3.2":
  version "0.3.2"
  resolved "https://registry.yarnpkg.com/@discordjs/collection/-/collection-0.3.2.tgz#3c271dd8a93dad89b186d330e24dbceaab58424a"
  integrity sha512-dMjLl60b2DMqObbH1MQZKePgWhsNe49XkKBZ0W5Acl5uVV43SN414i2QfZwRI7dXAqIn8pEWD2+XXQFn9KWxqg==

"@discordjs/collection@^0.4.0":
  version "0.4.0"
  resolved "https://registry.yarnpkg.com/@discordjs/collection/-/collection-0.4.0.tgz#b6488286a1cc7b41b644d7e6086f25a1c1e6f837"
  integrity sha512-zmjq+l/rV35kE6zRrwe8BHqV78JvIh2ybJeZavBi5NySjWXqN3hmmAKg7kYMMXSeiWtSsMoZ/+MQi0DiQWy2lw==

"@prisma/client@^3.10.0":
  version "3.10.0"
  resolved "https://registry.yarnpkg.com/@prisma/client/-/client-3.10.0.tgz#4782fe6f1b0e43c2a11a75ad4bb1098599d1dfb1"
  integrity sha512-6P4sV7WFuODSfSoSEzCH1qfmWMrCUBk1LIIuTbQf6m1LI/IOpLN4lnqGDmgiBGprEzuWobnGLfe9YsXLn0inrg==
  dependencies:
    "@prisma/engines-version" "3.10.0-50.73e60b76d394f8d37d8ebd1f8918c79029f0db86"

"@prisma/engines-version@3.10.0-50.73e60b76d394f8d37d8ebd1f8918c79029f0db86":
  version "3.10.0-50.73e60b76d394f8d37d8ebd1f8918c79029f0db86"
  resolved "https://registry.yarnpkg.com/@prisma/engines-version/-/engines-version-3.10.0-50.73e60b76d394f8d37d8ebd1f8918c79029f0db86.tgz#82750856fa637dd89b8f095d2dcc6ac0631231c6"
  integrity sha512-cVYs5gyQH/qyut24hUvDznCfPrWiNMKNfPb9WmEoiU6ihlkscIbCfkmuKTtspVLWRdl0LqjYEC7vfnPv17HWhw==

"@prisma/engines@3.10.0-50.73e60b76d394f8d37d8ebd1f8918c79029f0db86":
  version "3.10.0-50.73e60b76d394f8d37d8ebd1f8918c79029f0db86"
  resolved "https://registry.yarnpkg.com/@prisma/engines/-/engines-3.10.0-50.73e60b76d394f8d37d8ebd1f8918c79029f0db86.tgz#2964113729a78b8b21e186b5592affd1fde73c16"
  integrity sha512-LjRssaWu9w2SrXitofnutRIyURI7l0veQYIALz7uY4shygM9nMcK3omXcObRm7TAcw3Z+9ytfK1B+ySOsOesxQ==

"@sapphire/async-queue@^1.1.9":
  version "1.2.0"
  resolved "https://registry.yarnpkg.com/@sapphire/async-queue/-/async-queue-1.2.0.tgz#7a56afd318101d338433d7180ebd6af349243268"
  integrity sha512-O5ND5Ljpef86X5oy8zXorQ754TMjWALcPSAgPBu4+76HLtDTrNoDyzU2uGE2G4A8Wv51u0MXHzGQ0WZ4GMtpIw==

"@sapphire/decorators@^4.2.6":
  version "4.2.6"
  resolved "https://registry.yarnpkg.com/@sapphire/decorators/-/decorators-4.2.6.tgz#c576b3e328dfbbe52b682adf14d7ad643a5559d6"
  integrity sha512-Z6pifh2yx0h6mdnKdMvcUUdhK8QvqpW4JkoTNVWcb8hPPM2LZt9dbQM+qHPRrRqMJF4jAgF0LMHGsunc8JLh2Q==
  dependencies:
    tslib "^2.3.1"

"@sapphire/discord-utilities@^2.7.0", "@sapphire/discord-utilities@^2.9.0":
  version "2.9.0"
  resolved "https://registry.yarnpkg.com/@sapphire/discord-utilities/-/discord-utilities-2.9.0.tgz#e7ed82c2cd7850596efe043db2f9e848b52a0605"
  integrity sha512-R0ZtWrHP/bInOPrq1EvaPvARKUDH6o9zVYg8wBfJGzwlJE9dcONoVv2aX9/q3SZcIZStFFJCIyuijYd2rJBMvg==
  dependencies:
    twemoji-parser "^13.1.0"

"@sapphire/discord.js-utilities@^4.6.0":
  version "4.8.2"
  resolved "https://registry.yarnpkg.com/@sapphire/discord.js-utilities/-/discord.js-utilities-4.8.2.tgz#13226eecb710c8dce3ef4d2dc66a93fb1beae2be"
  integrity sha512-VYr6IVd+lKsnYCxhY1pTxjCW+vLYFMcxw1PY0U5ryTyWkgA0FP06Ay1VRZVhl6bYIAOTudlnmzwmItGK0xfOUw==
  dependencies:
    "@sapphire/discord-utilities" "^2.9.0"
    "@sapphire/time-utilities" "^1.6.0"
    "@sapphire/utilities" "^3.3.0"
    tslib "^2.3.1"

"@sapphire/fetch@^2.2.0":
  version "2.2.0"
  resolved "https://registry.yarnpkg.com/@sapphire/fetch/-/fetch-2.2.0.tgz#280ffb7c4d58606da13a905f4ba06a2c2f8d1178"
  integrity sha512-FK8sF1yDoEMk7QGqejxWRHXrTF0iuQhCZ9XFZqYskvxsE433bzfIQ6Gh7RS2lhN5/WQ3zcQNlXVUCQ1Hh9Zn/w==
  dependencies:
    cross-fetch "^3.1.5"

"@sapphire/framework@^3.0.0-next.30e7ffd.0":
  version "3.0.0-next.fd7be0b.0"
  resolved "https://registry.yarnpkg.com/@sapphire/framework/-/framework-3.0.0-next.fd7be0b.0.tgz#b58862ca36540ad9b6874e82c124035b7db27b1e"
  integrity sha512-8L7m5hO1h/cgawNXzZFmNqcaye0WrgDw+vz/WcVcf/G+BSl3wN/YkGnaSDsKLvp62i9vHzZwEFNW9VFQwPDS6A==
  dependencies:
    "@sapphire/discord-utilities" "^2.7.0"
    "@sapphire/discord.js-utilities" "^4.6.0"
    "@sapphire/pieces" "^3.2.0"
    "@sapphire/ratelimits" "^2.3.0"
    "@sapphire/stopwatch" "^1.3.0"
    "@sapphire/utilities" "^3.3.0"
    lexure "^0.17.0"
    tslib "^2.3.1"

"@sapphire/pieces@^3.2.0":
  version "3.2.0"
  resolved "https://registry.yarnpkg.com/@sapphire/pieces/-/pieces-3.2.0.tgz#6ce871222d2686b95c12e04b62961897a29bf803"
  integrity sha512-7V7R2ouluY5XBEN73cjwMuKI8O4RsSSH8VY6xzYxbMKBA+LAGo0nPTMZ/XzEgHDopIrbcYKJMVZHpjKHWhniKA==
  dependencies:
    "@discordjs/collection" "^0.3.2"
    "@sapphire/utilities" "^3.1.0"
    tslib "^2.3.1"

"@sapphire/plugin-api@^3.1.4":
  version "3.1.4"
  resolved "https://registry.yarnpkg.com/@sapphire/plugin-api/-/plugin-api-3.1.4.tgz#daa9ddeb30afaedf6722fa41c024d84a714a7a00"
  integrity sha512-2f6vaq8gMTPURTf6K5Ig0srFL1bbRcS5PplF7HgxPVx+lg4vx9pZb20KVF4EzRFxMl5Af9aaHIuvy6iv1dWltw==
  dependencies:
    "@types/node-fetch" "2.5.12"
    "@types/psl" "^1.1.0"
    "@types/ws" "^8.2.2"
    node-fetch "2.6.7"
    psl "^1.8.0"
    tslib "^2.3.1"

"@sapphire/plugin-i18next@^2.2.3":
  version "2.2.3"
  resolved "https://registry.yarnpkg.com/@sapphire/plugin-i18next/-/plugin-i18next-2.2.3.tgz#f909574516a1ae8f3f363a8afecb96b558c8fcf2"
  integrity sha512-/axHmvCvu40psFWu+ATiPGah0nD9b/3sHzOWikDoqGPsF5Ji4u5uHBnoEenmnRsc14oteXwGrmnX3YlWo4dl0A==
  dependencies:
    "@sapphire/utilities" "^3.2.1"
    "@types/i18next-fs-backend" "^1.1.2"
    chokidar "^3.5.3"
    i18next "^21.6.7"
    i18next-fs-backend "^1.1.4"
    tslib "^2.3.1"

"@sapphire/plugin-logger@^2.1.3":
  version "2.1.3"
  resolved "https://registry.yarnpkg.com/@sapphire/plugin-logger/-/plugin-logger-2.1.3.tgz#a102fc59fea9ba7f801bde58fc33c7151532936a"
  integrity sha512-1zcmvxRyir+Y0h3VZ89Zu2rpkaiWwF2Qj9PGYfZSWMx2vZFnrxkfF7qeJGLZFuz/zFuSLG3u1mksOz2BAjj3Sg==
  dependencies:
    "@sapphire/time-utilities" "^1.5.2"
    colorette "^2.0.16"
    tslib "^2.3.1"

"@sapphire/ratelimits@^2.3.0":
  version "2.3.1"
  resolved "https://registry.yarnpkg.com/@sapphire/ratelimits/-/ratelimits-2.3.1.tgz#5ed5d1cbf722434c6ff11ba501793424a934f07f"
  integrity sha512-zA57XI0s9AYVqiAKmNwy+lHzBvtcW72hZcXUAVr98cicfhChcHDdk/LZ1s1TP9eKRlYFQC0dynTNh+BTGKyJTQ==
  dependencies:
    "@sapphire/time-utilities" "^1.6.0"

"@sapphire/stopwatch@^1.3.0":
  version "1.3.0"
  resolved "https://registry.yarnpkg.com/@sapphire/stopwatch/-/stopwatch-1.3.0.tgz#8ee6424c11b3f96ec284aa6640136cb65d80e99b"
  integrity sha512-YOUWul86wg2EG3m5sv6RFXkMXCnFXUqaOFdnVYvUIwmMfl+YhINW5x4/6esotI6b2kT98BOhOGpbMZMWIXZ4zQ==
  dependencies:
    tslib "^2.3.1"

"@sapphire/time-utilities@^1.5.2", "@sapphire/time-utilities@^1.6.0":
  version "1.6.0"
  resolved "https://registry.yarnpkg.com/@sapphire/time-utilities/-/time-utilities-1.6.0.tgz#89624a63861814bd41fe29db80c9dbe9f3625760"
  integrity sha512-GKS3LdHS7Bec+FUx9cZY88edebK9vdt5rm0VCgc8s17O/WHl5KFcuyXRlWyIF7TLlYe1vBmMIl5YBE1EjHvJBA==
  dependencies:
    "@sapphire/utilities" "^3.3.0"

"@sapphire/ts-config@^3.3.1":
  version "3.3.1"
  resolved "https://registry.yarnpkg.com/@sapphire/ts-config/-/ts-config-3.3.1.tgz#fa96b10c010f7819c925f5bfef1caa59d0176be3"
  integrity sha512-HDqLiVYGuJdSlkL7UiJ+kwNuZUkD0hnZV7Zdhc2fngSSDmusnZ0W1Lyw9HWRVsIr3/9d1Pql4mK5vgpiCMFi9g==
  dependencies:
    tslib "^2.3.1"
    typescript "^4.5.5"

"@sapphire/utilities@^3.1.0", "@sapphire/utilities@^3.2.1", "@sapphire/utilities@^3.3.0":
  version "3.3.0"
  resolved "https://registry.yarnpkg.com/@sapphire/utilities/-/utilities-3.3.0.tgz#62ff0a52cd86bd6169a94b2f217d72da6772a3cd"
  integrity sha512-wWESfB03elALhci3GjcacRh8pnK89Qe5AEKCQplKyTCKabWl64SAFw52hQBth2fMmJStgK1fr87aGhRZAB8DNA==

"@sindresorhus/is@^4.2.0", "@sindresorhus/is@^4.3.0":
  version "4.6.0"
  resolved "https://registry.yarnpkg.com/@sindresorhus/is/-/is-4.6.0.tgz#3c7c9c46e678feefe7a2e5bb609d3dbd665ffb3f"
  integrity sha512-t09vSN3MdfsyCHoFcTRCH/iUtG7OJ0CsjzB8cjAmKc/va/kIgeDI/TxsigdncE/4be734m0cvIYwNaV4i2XqAw==

"@types/i18next-fs-backend@^1.1.2":
  version "1.1.2"
  resolved "https://registry.yarnpkg.com/@types/i18next-fs-backend/-/i18next-fs-backend-1.1.2.tgz#4f3116769229371fcdf64bbdb6841ea745e392f9"
  integrity sha512-ZzTRXA5B0x0oGhzKNp08IsYjZpli4LjRZpg3q4j0XFxN5lKG2MVLnR4yHX8PPExBk4sj9Yfk1z9O6CjPrAlmIQ==
  dependencies:
    i18next "^21.0.1"

"@types/node-fetch@2.5.12":
  version "2.5.12"
  resolved "https://registry.yarnpkg.com/@types/node-fetch/-/node-fetch-2.5.12.tgz#8a6f779b1d4e60b7a57fb6fd48d84fb545b9cc66"
  integrity sha512-MKgC4dlq4kKNa/mYrwpKfzQMB5X3ee5U6fSprkKpToBqBmX4nFZL9cW5jl6sWn+xpRJ7ypWh2yyqqr8UUCstSw==
  dependencies:
    "@types/node" "*"
    form-data "^3.0.0"

"@types/node-fetch@^2.5.12":
  version "2.6.1"
  resolved "https://registry.yarnpkg.com/@types/node-fetch/-/node-fetch-2.6.1.tgz#8f127c50481db65886800ef496f20bbf15518975"
  integrity sha512-oMqjURCaxoSIsHSr1E47QHzbmzNR5rK8McHuNb11BOM9cHcIK3Avy0s/b2JlXHoQGTYS3NsvWzV1M0iK7l0wbA==
  dependencies:
    "@types/node" "*"
    form-data "^3.0.0"

"@types/node@*", "@types/node@^17.0.21":
  version "17.0.21"
  resolved "https://registry.yarnpkg.com/@types/node/-/node-17.0.21.tgz#864b987c0c68d07b4345845c3e63b75edd143644"
  integrity sha512-DBZCJbhII3r90XbQxI8Y9IjjiiOGlZ0Hr32omXIZvwwZ7p4DMMXGrKXVyPfuoBOri9XNtL0UK69jYIBIsRX3QQ==

"@types/psl@^1.1.0":
  version "1.1.0"
  resolved "https://registry.yarnpkg.com/@types/psl/-/psl-1.1.0.tgz#390c5df1613b166ce3c3eb9fda4d93dc3eeec7b5"
  integrity sha512-HhZnoLAvI2koev3czVPzBNRYvdrzJGLjQbWZhqFmS9Q6a0yumc5qtfSahBGb5g+6qWvA8iiQktqGkwoIXa/BNQ==

"@types/ws@^8.2.2":
  version "8.5.2"
  resolved "https://registry.yarnpkg.com/@types/ws/-/ws-8.5.2.tgz#77e0c2e360e9579da930ffcfa53c5975ea3bdd26"
  integrity sha512-VXI82ykONr5tacHEojnErTQk+KQSoYbW1NB6iz6wUwrNd+BqfkfggQNoNdCqhJSzbNumShPERbM+Pc5zpfhlbw==
  dependencies:
    "@types/node" "*"

anymatch@~3.1.2:
  version "3.1.2"
  resolved "https://registry.yarnpkg.com/anymatch/-/anymatch-3.1.2.tgz#c0557c096af32f106198f4f4e2a383537e378716"
  integrity sha512-P43ePfOAIupkguHUycrc4qJ9kz8ZiuOUijaETwX7THt0Y/GNK7v0aa8rY816xWjZ7rJdA5XdMcpVFTKMq+RvWg==
  dependencies:
    normalize-path "^3.0.0"
    picomatch "^2.0.4"

asynckit@^0.4.0:
  version "0.4.0"
  resolved "https://registry.yarnpkg.com/asynckit/-/asynckit-0.4.0.tgz#c79ed97f7f34cb8f2ba1bc9790bcc366474b4b79"
  integrity sha1-x57Zf380y48robyXkLzDZkdLS3k=

binary-extensions@^2.0.0:
  version "2.2.0"
  resolved "https://registry.yarnpkg.com/binary-extensions/-/binary-extensions-2.2.0.tgz#75f502eeaf9ffde42fc98829645be4ea76bd9e2d"
  integrity sha512-jDctJ/IVQbZoJykoeHbhXpOlNBqGNcwXJKJog42E5HDPUwQTSdjCHdihjj0DlnheQ7blbT6dHOafNAiS8ooQKA==

braces@~3.0.2:
  version "3.0.2"
  resolved "https://registry.yarnpkg.com/braces/-/braces-3.0.2.tgz#3454e1a462ee8d599e236df336cd9ea4f8afe107"
  integrity sha512-b8um+L1RzM3WDSzvhm6gIz1yfTbBt6YTlcEKAvsmqCZZFw46z626lVj9j1yEPW33H5H+lBQpZMP1k8l+78Ha0A==
  dependencies:
    fill-range "^7.0.1"

chokidar@^3.5.3:
  version "3.5.3"
  resolved "https://registry.yarnpkg.com/chokidar/-/chokidar-3.5.3.tgz#1cf37c8707b932bd1af1ae22c0432e2acd1903bd"
  integrity sha512-Dr3sfKRP6oTcjf2JmUmFJfeVMvXBdegxB0iVQ5eb2V10uFJUCAS8OByZdVAyVb8xXNz3GjjTgj9kLWsZTqE6kw==
  dependencies:
    anymatch "~3.1.2"
    braces "~3.0.2"
    glob-parent "~5.1.2"
    is-binary-path "~2.1.0"
    is-glob "~4.0.1"
    normalize-path "~3.0.0"
    readdirp "~3.6.0"
  optionalDependencies:
    fsevents "~2.3.2"

colorette@^2.0.16:
  version "2.0.16"
  resolved "https://registry.yarnpkg.com/colorette/-/colorette-2.0.16.tgz#713b9af84fdb000139f04546bd4a93f62a5085da"
  integrity sha512-hUewv7oMjCp+wkBv5Rm0v87eJhq4woh5rSR+42YSQJKecCqgIqNkZ6lAlQms/BwHPJA5NKMRlpxPRv0n8HQW6g==

combined-stream@^1.0.8:
  version "1.0.8"
  resolved "https://registry.yarnpkg.com/combined-stream/-/combined-stream-1.0.8.tgz#c3d45a8b34fd730631a110a8a2520682b31d5a7f"
  integrity sha512-FQN4MRfuJeHf7cBbBMJFXhKSDq+2kAArBlmRBvcvFE5BB1HZKXtSFASDhdlz9zOYwxh8lDdnvmMOe/+5cdoEdg==
  dependencies:
    delayed-stream "~1.0.0"

cross-fetch@^3.1.5:
  version "3.1.5"
  resolved "https://registry.yarnpkg.com/cross-fetch/-/cross-fetch-3.1.5.tgz#e1389f44d9e7ba767907f7af8454787952ab534f"
  integrity sha512-lvb1SBsI0Z7GDwmuid+mU3kWVBwTVUbe7S0H52yaaAdQOXq2YktTCZdlAcNKFzE6QtRz0snpw9bNiPeOIkkQvw==
  dependencies:
    node-fetch "2.6.7"

delayed-stream@~1.0.0:
  version "1.0.0"
  resolved "https://registry.yarnpkg.com/delayed-stream/-/delayed-stream-1.0.0.tgz#df3ae199acadfb7d440aaae0b29e2272b24ec619"
  integrity sha1-3zrhmayt+31ECqrgsp4icrJOxhk=

discord-api-types@^0.26.0, discord-api-types@^0.26.1:
  version "0.26.1"
  resolved "https://registry.yarnpkg.com/discord-api-types/-/discord-api-types-0.26.1.tgz#726f766ddc37d60da95740991d22cb6ef2ed787b"
  integrity sha512-T5PdMQ+Y1MEECYMV5wmyi9VEYPagEDEi4S0amgsszpWY0VB9JJ/hEvM6BgLhbdnKky4gfmZEXtEEtojN8ZKJQQ==

discord-api-types@^0.28.0-next.a3b1006.1646505147:
  version "0.28.0-next.a3b1006.1646505147"
  resolved "https://registry.yarnpkg.com/discord-api-types/-/discord-api-types-0.28.0-next.a3b1006.1646505147.tgz#d0874edaa0378cfbe598bc82057241a0766f2886"
  integrity sha512-3uSalSzVsJUCOBMfk6XcHXod+lc6xzOZf13ZaosERu/UIQbfnVkcB8Bsyw7ln9kBwVKoL8ylPH+vyIKzUYXMzg==

discord-hybrid-sharding@^1.4.5:
  version "1.4.6"
  resolved "https://registry.yarnpkg.com/discord-hybrid-sharding/-/discord-hybrid-sharding-1.4.6.tgz#5b8c2a075f10f837a8df146aca06b163d16286ce"
  integrity sha512-oQzkZsrFQDw1uUOgWExWk2jAsNroBI1nF4a0V7d+wuEg2Um9jm2nY7VvmNLsuosopSCftX+3EnicjOMQKzcXdQ==
  dependencies:
    node-fetch "^2.6.1"

discord.js@^13.6.0:
  version "13.6.0"
  resolved "https://registry.yarnpkg.com/discord.js/-/discord.js-13.6.0.tgz#d8a8a591dbf25cbcf9c783d5ddf22c4694860475"
  integrity sha512-tXNR8zgsEPxPBvGk3AQjJ9ljIIC6/LOPjzKwpwz8Y1Q2X66Vi3ZqFgRHYwnHKC0jC0F+l4LzxlhmOJsBZDNg9g==
  dependencies:
    "@discordjs/builders" "^0.11.0"
    "@discordjs/collection" "^0.4.0"
    "@sapphire/async-queue" "^1.1.9"
    "@types/node-fetch" "^2.5.12"
    "@types/ws" "^8.2.2"
    discord-api-types "^0.26.0"
    form-data "^4.0.0"
    node-fetch "^2.6.1"
    ws "^8.4.0"

dotenv-cra@^3.0.2:
  version "3.0.2"
  resolved "https://registry.yarnpkg.com/dotenv-cra/-/dotenv-cra-3.0.2.tgz#ce1565aaa0bb21402f9e7f6f44c8f751ae35219c"
  integrity sha512-4SJ1L6tAzAmRgBw7k6B7XaP8ARV8nFvQb2pfLC8Tiudz27auSgkzPPvtfLmmSg6jzhHtsQ6c/USNlqLfWE7mfg==
  dependencies:
    dotenv "^10.0.0"
    dotenv-expand "^5.1.0"

dotenv-expand@^5.1.0:
  version "5.1.0"
  resolved "https://registry.yarnpkg.com/dotenv-expand/-/dotenv-expand-5.1.0.tgz#3fbaf020bfd794884072ea26b1e9791d45a629f0"
  integrity sha512-YXQl1DSa4/PQyRfgrv6aoNjhasp/p4qs9FjJ4q4cQk+8m4r6k4ZSiEyytKG8f8W9gi8WsQtIObNmKd+tMzNTmA==

dotenv@^10.0.0:
  version "10.0.0"
  resolved "https://registry.yarnpkg.com/dotenv/-/dotenv-10.0.0.tgz#3d4227b8fb95f81096cdd2b66653fb2c7085ba81"
  integrity sha512-rlBi9d8jpv9Sf1klPjNfFAuWDjKLwTIJJ/VxtoTwIR6hnZxcEOQCZg2oIL3MWBYw5GpUDKOEnND7LXTbIpQ03Q==

fill-range@^7.0.1:
  version "7.0.1"
  resolved "https://registry.yarnpkg.com/fill-range/-/fill-range-7.0.1.tgz#1919a6a7c75fe38b2c7c77e5198535da9acdda40"
  integrity sha512-qOo9F+dMUmC2Lcb4BbVvnKJxTPjCm+RRpe4gDuGrzkL7mEVl/djYSu2OdQ2Pa302N4oqkSg9ir6jaLWJ2USVpQ==
  dependencies:
    to-regex-range "^5.0.1"

form-data@^3.0.0:
  version "3.0.1"
  resolved "https://registry.yarnpkg.com/form-data/-/form-data-3.0.1.tgz#ebd53791b78356a99af9a300d4282c4d5eb9755f"
  integrity sha512-RHkBKtLWUVwd7SqRIvCZMEvAMoGUp0XU+seQiZejj0COz3RI3hWP4sCv3gZWWLjJTd7rGwcsF5eKZGii0r/hbg==
  dependencies:
    asynckit "^0.4.0"
    combined-stream "^1.0.8"
    mime-types "^2.1.12"

form-data@^4.0.0:
  version "4.0.0"
  resolved "https://registry.yarnpkg.com/form-data/-/form-data-4.0.0.tgz#93919daeaf361ee529584b9b31664dc12c9fa452"
  integrity sha512-ETEklSGi5t0QMZuiXoA/Q6vcnxcLQP5vdugSpuAyi6SVGi2clPPp+xgEhuMaHC+zGgn31Kd235W35f7Hykkaww==
  dependencies:
    asynckit "^0.4.0"
    combined-stream "^1.0.8"
    mime-types "^2.1.12"

fsevents@~2.3.2:
  version "2.3.2"
  resolved "https://registry.yarnpkg.com/fsevents/-/fsevents-2.3.2.tgz#8a526f78b8fdf4623b709e0b975c52c24c02fd1a"
  integrity sha512-xiqMQR4xAeHTuB9uWm+fFRcIOgKBMiOBP+eXiyT7jsgVCq1bkVygt00oASowB7EdtpOHaaPgKt812P9ab+DDKA==

glob-parent@~5.1.2:
  version "5.1.2"
  resolved "https://registry.yarnpkg.com/glob-parent/-/glob-parent-5.1.2.tgz#869832c58034fe68a4093c17dc15e8340d8401c4"
  integrity sha512-AOIgSQCepiJYwP3ARnGx+5VnTu2HBYdzbGP45eLw1vr3zB3vZLeyed1sC9hnbcOc9/SrMyM5RPQrkGz4aS9Zow==
  dependencies:
    is-glob "^4.0.1"

i18next-fs-backend@^1.1.4:
  version "1.1.4"
  resolved "https://registry.yarnpkg.com/i18next-fs-backend/-/i18next-fs-backend-1.1.4.tgz#d0e9b9ed2fa7a0f11002d82b9fa69c3c3d6482da"
  integrity sha512-/MfAGMP0jHonV966uFf9PkWWuDjPYLIcsipnSO3NxpNtAgRUKLTwvm85fEmsF6hGeu0zbZiCQ3W74jwO6K9uXA==

i18next@^21.0.1, i18next@^21.6.7:
  version "21.6.13"
  resolved "https://registry.yarnpkg.com/i18next/-/i18next-21.6.13.tgz#e881b05f156ac06997e9b63379d8b2674bb4a4f2"
  integrity sha512-MVjNttw+5mIuu2/fwTpSU0EeI7iU/6pnDvGQboCzkILiv0/gD+FLZaF7qSHmUHO4ZkE6xJQ9SlBgGvMHxhC82Q==
  dependencies:
    "@babel/runtime" "^7.12.0"

is-binary-path@~2.1.0:
  version "2.1.0"
  resolved "https://registry.yarnpkg.com/is-binary-path/-/is-binary-path-2.1.0.tgz#ea1f7f3b80f064236e83470f86c09c254fb45b09"
  integrity sha512-ZMERYes6pDydyuGidse7OsHxtbI7WVeUEozgR/g7rd0xUimYNlvZRE/K2MgZTjWy725IfelLeVcEM97mmtRGXw==
  dependencies:
    binary-extensions "^2.0.0"

is-extglob@^2.1.1:
  version "2.1.1"
  resolved "https://registry.yarnpkg.com/is-extglob/-/is-extglob-2.1.1.tgz#a88c02535791f02ed37c76a1b9ea9773c833f8c2"
  integrity sha1-qIwCU1eR8C7TfHahueqXc8gz+MI=

is-glob@^4.0.1, is-glob@~4.0.1:
  version "4.0.3"
  resolved "https://registry.yarnpkg.com/is-glob/-/is-glob-4.0.3.tgz#64f61e42cbbb2eec2071a9dac0b28ba1e65d5084"
  integrity sha512-xelSayHH36ZgE7ZWhli7pW34hNbNl8Ojv5KVmkJD4hBdD3th8Tfk9vYasLM+mXWOZhFkgZfxhLSnrwRr4elSSg==
  dependencies:
    is-extglob "^2.1.1"

is-number@^7.0.0:
  version "7.0.0"
  resolved "https://registry.yarnpkg.com/is-number/-/is-number-7.0.0.tgz#7535345b896734d5f80c4d06c50955527a14f12b"
  integrity sha512-41Cifkg6e8TylSpdtTpeLVMqvSBEVzTttHvERD741+pnZ8ANv0004MRL43QKPDlK9cGvNp6NZWZUBlbGXYxxng==

lexure@^0.17.0:
  version "0.17.0"
  resolved "https://registry.yarnpkg.com/lexure/-/lexure-0.17.0.tgz#95c26ee49dc3df5f28e2826b1647eb7569aab12a"
  integrity sha512-0L8GqFgPW36sLNqxdp2VOOef5Ajpb98kc0Zk4AzE+Yf0xYTDndcT1vpFqwkTdrCCw+FV8DH4mC9NUw0RlARThA==

mime-db@1.51.0:
  version "1.51.0"
  resolved "https://registry.yarnpkg.com/mime-db/-/mime-db-1.51.0.tgz#d9ff62451859b18342d960850dc3cfb77e63fb0c"
  integrity sha512-5y8A56jg7XVQx2mbv1lu49NR4dokRnhZYTtL+KGfaa27uq4pSTXkwQkFJl4pkRMyNFz/EtYDSkiiEHx3F7UN6g==

mime-types@^2.1.12:
  version "2.1.34"
  resolved "https://registry.yarnpkg.com/mime-types/-/mime-types-2.1.34.tgz#5a712f9ec1503511a945803640fafe09d3793c24"
  integrity sha512-6cP692WwGIs9XXdOO4++N+7qjqv0rqxxVvJ3VHPh/Sc9mVZcQP+ZGhkKiTvWMQRr2tbHkJP/Yn7Y0npb3ZBs4A==
  dependencies:
    mime-db "1.51.0"

node-fetch@2.6.7, node-fetch@^2.6.1:
  version "2.6.7"
  resolved "https://registry.yarnpkg.com/node-fetch/-/node-fetch-2.6.7.tgz#24de9fba827e3b4ae44dc8b20256a379160052ad"
  integrity sha512-ZjMPFEfVx5j+y2yF35Kzx5sF7kDzxuDj6ziH4FFbOp87zKDZNx8yExJIb05OGF4Nlt9IHFIMBkRl41VdvcNdbQ==
  dependencies:
    whatwg-url "^5.0.0"

normalize-path@^3.0.0, normalize-path@~3.0.0:
  version "3.0.0"
  resolved "https://registry.yarnpkg.com/normalize-path/-/normalize-path-3.0.0.tgz#0dcd69ff23a1c9b11fd0978316644a0388216a65"
  integrity sha512-6eZs5Ls3WtCisHWp9S2GUy8dqkpGi4BVSz3GaqiE6ezub0512ESztXUwUB6C6IKbQkY2Pnb/mD4WYojCRwcwLA==

picomatch@^2.0.4, picomatch@^2.2.1:
  version "2.3.1"
  resolved "https://registry.yarnpkg.com/picomatch/-/picomatch-2.3.1.tgz#3ba3833733646d9d3e4995946c1365a67fb07a42"
  integrity sha512-JU3teHTNjmE2VCGFzuY8EXzCDVwEqB2a8fsIvwaStHhAWJEeVd1o1QD80CU6+ZdEXXSLbSsuLwJjkCBWqRQUVA==

prisma@^3.10.0:
  version "3.10.0"
  resolved "https://registry.yarnpkg.com/prisma/-/prisma-3.10.0.tgz#872d87afbeb1cbcaa77c3d6a63c125e0d704b04d"
  integrity sha512-dAld12vtwdz9Rz01nOjmnXe+vHana5PSog8t0XGgLemKsUVsaupYpr74AHaS3s78SaTS5s2HOghnJF+jn91ZrA==
  dependencies:
    "@prisma/engines" "3.10.0-50.73e60b76d394f8d37d8ebd1f8918c79029f0db86"

psl@^1.8.0:
  version "1.8.0"
  resolved "https://registry.yarnpkg.com/psl/-/psl-1.8.0.tgz#9326f8bcfb013adcc005fdff056acce020e51c24"
  integrity sha512-RIdOzyoavK+hA18OGGWDqUTsCLhtA7IcZ/6NCs4fFJaHBDab+pDDmDIByWFRQJq2Cd7r1OoQxBGKOaztq+hjIQ==

readdirp@~3.6.0:
  version "3.6.0"
  resolved "https://registry.yarnpkg.com/readdirp/-/readdirp-3.6.0.tgz#74a370bd857116e245b29cc97340cd431a02a6c7"
  integrity sha512-hOS089on8RduqdbhvQ5Z37A0ESjsqz6qnRcffsMU3495FuTdqSm+7bhJ29JvIOsBDEEnan5DPu9t3To9VRlMzA==
  dependencies:
    picomatch "^2.2.1"

reflect-metadata@^0.1.13:
  version "0.1.13"
  resolved "https://registry.yarnpkg.com/reflect-metadata/-/reflect-metadata-0.1.13.tgz#67ae3ca57c972a2aa1642b10fe363fe32d49dc08"
  integrity sha512-Ts1Y/anZELhSsjMcU605fU9RE4Oi3p5ORujwbIKXfWa+0Zxs510Qrmrce5/Jowq3cHSZSJqBjypxmHarc+vEWg==

regenerator-runtime@^0.13.4:
  version "0.13.9"
  resolved "https://registry.yarnpkg.com/regenerator-runtime/-/regenerator-runtime-0.13.9.tgz#8925742a98ffd90814988d7566ad30ca3b263b52"
  integrity sha512-p3VT+cOEgxFsRRA9X4lkI1E+k2/CtnKtU4gcxyaCUreilL/vqI6CdZ3wxVUx3UOUg+gnUOQQcRI7BmSI656MYA==

to-regex-range@^5.0.1:
  version "5.0.1"
  resolved "https://registry.yarnpkg.com/to-regex-range/-/to-regex-range-5.0.1.tgz#1648c44aae7c8d988a326018ed72f5b4dd0392e4"
  integrity sha512-65P7iz6X5yEr1cwcgvQxbbIw7Uk3gOy5dIdtZ4rDveLqhrdJP+Li/Hx6tyK0NEb+2GCyneCMJiGqrADCSNk8sQ==
  dependencies:
    is-number "^7.0.0"

tr46@~0.0.3:
  version "0.0.3"
  resolved "https://registry.yarnpkg.com/tr46/-/tr46-0.0.3.tgz#8184fd347dac9cdc185992f3a6622e14b9d9ab6a"
  integrity sha1-gYT9NH2snNwYWZLzpmIuFLnZq2o=

ts-mixer@^6.0.0:
  version "6.0.0"
  resolved "https://registry.yarnpkg.com/ts-mixer/-/ts-mixer-6.0.0.tgz#4e631d3a36e3fa9521b973b132e8353bc7267f9f"
  integrity sha512-nXIb1fvdY5CBSrDIblLn73NW0qRDk5yJ0Sk1qPBF560OdJfQp9jhl+0tzcY09OZ9U+6GpeoI9RjwoIKFIoB9MQ==

tslib@^2.3.1:
  version "2.3.1"
  resolved "https://registry.yarnpkg.com/tslib/-/tslib-2.3.1.tgz#e8a335add5ceae51aa261d32a490158ef042ef01"
  integrity sha512-77EbyPPpMz+FRFRuAFlWMtmgUWGe9UOG2Z25NqCwiIjRhOf5iKGuzSe5P2w1laq+FkRy4p+PCuVkJSGkzTEKVw==

twemoji-parser@^13.1.0:
  version "13.1.0"
  resolved "https://registry.yarnpkg.com/twemoji-parser/-/twemoji-parser-13.1.0.tgz#65e7e449c59258791b22ac0b37077349127e3ea4"
  integrity sha512-AQOzLJpYlpWMy8n+0ATyKKZzWlZBJN+G0C+5lhX7Ftc2PeEVdUU/7ns2Pn2vVje26AIZ/OHwFoUbdv6YYD/wGg==

typescript@^4.5.5, typescript@^4.6.2:
  version "4.6.2"
  resolved "https://registry.yarnpkg.com/typescript/-/typescript-4.6.2.tgz#fe12d2727b708f4eef40f51598b3398baa9611d4"
  integrity sha512-HM/hFigTBHZhLXshn9sN37H085+hQGeJHJ/X7LpBWLID/fbc2acUMfU+lGD98X81sKP+pFa9f0DZmCwB9GnbAg==

webidl-conversions@^3.0.0:
  version "3.0.1"
  resolved "https://registry.yarnpkg.com/webidl-conversions/-/webidl-conversions-3.0.1.tgz#24534275e2a7bc6be7bc86611cc16ae0a5654871"
  integrity sha1-JFNCdeKnvGvnvIZhHMFq4KVlSHE=

whatwg-url@^5.0.0:
  version "5.0.0"
  resolved "https://registry.yarnpkg.com/whatwg-url/-/whatwg-url-5.0.0.tgz#966454e8765462e37644d3626f6742ce8b70965d"
  integrity sha1-lmRU6HZUYuN2RNNib2dCzotwll0=
  dependencies:
    tr46 "~0.0.3"
    webidl-conversions "^3.0.0"

ws@^8.4.0:
  version "8.5.0"
  resolved "https://registry.yarnpkg.com/ws/-/ws-8.5.0.tgz#bfb4be96600757fe5382de12c670dab984a1ed4f"
  integrity sha512-BWX0SWVgLPzYwF8lTzEy1egjhS4S4OEAHfsO8o65WOVsrnSRGaSiUaa9e0ggGlkMTtBlmOpEXiie9RUcBO86qg==

zod@^3.11.6:
  version "3.13.4"
  resolved "https://registry.yarnpkg.com/zod/-/zod-3.13.4.tgz#5d6fe03ef4824a637d7ef50b5441cf6ab3acede0"
  integrity sha512-LZRucWt4j/ru5azOkJxCfpR87IyFDn8h2UODdqvXzZLb3K7bb9chUrUIGTy3BPsr8XnbQYfQ5Md5Hu2OYIo1mg==
